
Microsoft Visual Studio Solution File, Format Version 12.00
# Visual Studio Version 16
VisualStudioVersion = 16.0.30611.23
MinimumVisualStudioVersion = 10.0.40219.1
Project("{FAE04EC0-301F-11D3-BF4B-00C04F79EFBC}") = "solid11", "solid11\solid11.csproj", "{C10192F7-9568-400C-970D-63A1E777CF95}"
EndProject
Project("{FAE04EC0-301F-11D3-BF4B-00C04F79EFBC}") = "solid12", "solid12\solid12.csproj", "{5891D37D-8615-4433-8065-82CCC328CD81}"
EndProject
Project("{FAE04EC0-301F-11D3-BF4B-00C04F79EFBC}") = "solid13", "solid13\solid13.csproj", "{4F84A838-C5C3-4E25-B68A-6E2302B92146}"
EndProject
Project("{FAE04EC0-301F-11D3-BF4B-00C04F79EFBC}") = "solid14", "solid14\solid14.csproj", "{E2FCA084-F12A-47A5-BAD0-0648EB6F1485}"
EndProject
Project("{FAE04EC0-301F-11D3-BF4B-00C04F79EFBC}") = "solid16", "solid16\solid16.csproj", "{725AAE27-A697-4325-BA91-151BB7415F38}"
EndProject
Project("{FAE04EC0-301F-11D3-BF4B-00C04F79EFBC}") = "solid18", "solid18\solid18.csproj", "{D72790FD-4166-49C9-853E-4A173F12D18D}"
EndProject
Project("{FAE04EC0-301F-11D3-BF4B-00C04F79EFBC}") = "solid29", "solid29\solid29.csproj", "{17649797-2313-4FC3-AC25-A41280ED9F88}"
EndProject
Project("{FAE04EC0-301F-11D3-BF4B-00C04F79EFBC}") = "solid30", "solid30\solid30.csproj", "{0B40795A-81F9-42CD-9482-2017DB2973EC}"
EndProject
Project("{FAE04EC0-301F-11D3-BF4B-00C04F79EFBC}") = "solid34", "solid34\solid34.csproj", "{1CC10F55-516C-4CCF-8B7A-E809CDCE589C}"
EndProject
Project("{FAE04EC0-301F-11D3-BF4B-00C04F79EFBC}") = "solid38", "solid38\solid38.csproj", "{AF5B3606-14A7-4851-85E0-61EA1837D91B}"
EndProject
Project("{FAE04EC0-301F-11D3-BF4B-00C04F79EFBC}") = "solid20", "solid20\solid20.csproj", "{F633110A-E582-4207-8120-A32231E8BC2D}"
EndProject
Project("{FAE04EC0-301F-11D3-BF4B-00C04F79EFBC}") = "solid21", "solid21\solid21.csproj", "{EDD1B19F-80D1-4AA4-8C43-FE78D60C28D8}"
EndProject
Project("{FAE04EC0-301F-11D3-BF4B-00C04F79EFBC}") = "solid21a", "solid21a\solid21a.csproj", "{3D87E4CD-C010-47ED-98C8-C02CF6DB862F}"
EndProject
Project("{FAE04EC0-301F-11D3-BF4B-00C04F79EFBC}") = "solid45", "solid45\solid45.csproj", "{C4518213-F60D-4211-B7E6-2E8D611AAD60}"
EndProject
Project("{FAE04EC0-301F-11D3-BF4B-00C04F79EFBC}") = "solid51", "solid51\solid51.csproj", "{EDFFFE09-EFE2-4EC3-B732-70FD161A9943}"
EndProject
Project("{FAE04EC0-301F-11D3-BF4B-00C04F79EFBC}") = "solid6", "solid6\solid6.csproj", "{4196B767-F4A6-48DC-BA10-38BFC65AA63A}"
EndProject
Project("{FAE04EC0-301F-11D3-BF4B-00C04F79EFBC}") = "solid9", "solid9\solid9.csproj", "{7DA4EACC-36E2-488E-9213-3492111D930A}"
EndProject
Project("{FAE04EC0-301F-11D3-BF4B-00C04F79EFBC}") = "solid50", "solid50\solid50.csproj", "{64D4BD98-95D4-44EA-9322-C96B6DBCF1AD}"
EndProject
Project("{FAE04EC0-301F-11D3-BF4B-00C04F79EFBC}") = "solid12a", "solid12a\solid12a.csproj", "{2129C732-FF8F-412A-A61F-8D9ABBCEBBBB}"
EndProject
Project("{FAE04EC0-301F-11D3-BF4B-00C04F79EFBC}") = "solid12b", "solid12b\solid12b.csproj", "{8C6A4974-D438-4747-89F6-1FD972A0A630}"
EndProject
Project("{FAE04EC0-301F-11D3-BF4B-00C04F79EFBC}") = "solid90a", "solid90a\solid90a.csproj", "{3265987C-4DBD-4960-B5CD-C65C24F54397}"
EndProject
Project("{FAE04EC0-301F-11D3-BF4B-00C04F79EFBC}") = "solid90b", "solid90b\solid90b.csproj", "{5B63DEBB-40DE-4F98-9A21-E5967E5277E4}"
EndProject
Project("{FAE04EC0-301F-11D3-BF4B-00C04F79EFBC}") = "solid66a", "solid66a\solid66a.csproj", "{52930ABA-8A70-4C8B-AAAB-3D9CD4E16581}"
EndProject
Project("{FAE04EC0-301F-11D3-BF4B-00C04F79EFBC}") = "solid66b", "solid66b\solid66b.csproj", "{F27CF755-DE6B-4DBD-9A14-4F626363FDA5}"
EndProject
Project("{FAE04EC0-301F-11D3-BF4B-00C04F79EFBC}") = "solid10", "solid10\solid10.csproj", "{D3E7E974-22DD-4D68-A8C0-645B62C82E2B}"
EndProject
Project("{FAE04EC0-301F-11D3-BF4B-00C04F79EFBC}") = "solid10a", "solid10a\solid10a.csproj", "{D5AC5DA7-C2A9-443A-A1F0-97B0DFE4E274}"
EndProject
Project("{FAE04EC0-301F-11D3-BF4B-00C04F79EFBC}") = "solid8", "solid8\solid8.csproj", "{BD46C5E5-9FB1-406C-AB4C-F49F9BC0096B}"
EndProject
Global
	GlobalSection(SolutionConfigurationPlatforms) = preSolution
		Debug|Any CPU = Debug|Any CPU
		Release|Any CPU = Release|Any CPU
	EndGlobalSection
	GlobalSection(ProjectConfigurationPlatforms) = postSolution
		{C10192F7-9568-400C-970D-63A1E777CF95}.Debug|Any CPU.ActiveCfg = Debug|Any CPU
		{C10192F7-9568-400C-970D-63A1E777CF95}.Debug|Any CPU.Build.0 = Debug|Any CPU
		{C10192F7-9568-400C-970D-63A1E777CF95}.Release|Any CPU.ActiveCfg = Release|Any CPU
		{C10192F7-9568-400C-970D-63A1E777CF95}.Release|Any CPU.Build.0 = Release|Any CPU
		{5891D37D-8615-4433-8065-82CCC328CD81}.Debug|Any CPU.ActiveCfg = Debug|Any CPU
		{5891D37D-8615-4433-8065-82CCC328CD81}.Debug|Any CPU.Build.0 = Debug|Any CPU
		{5891D37D-8615-4433-8065-82CCC328CD81}.Release|Any CPU.ActiveCfg = Release|Any CPU
		{5891D37D-8615-4433-8065-82CCC328CD81}.Release|Any CPU.Build.0 = Release|Any CPU
		{4F84A838-C5C3-4E25-B68A-6E2302B92146}.Debug|Any CPU.ActiveCfg = Debug|Any CPU
		{4F84A838-C5C3-4E25-B68A-6E2302B92146}.Debug|Any CPU.Build.0 = Debug|Any CPU
		{4F84A838-C5C3-4E25-B68A-6E2302B92146}.Release|Any CPU.ActiveCfg = Release|Any CPU
		{4F84A838-C5C3-4E25-B68A-6E2302B92146}.Release|Any CPU.Build.0 = Release|Any CPU
		{E2FCA084-F12A-47A5-BAD0-0648EB6F1485}.Debug|Any CPU.ActiveCfg = Debug|Any CPU
		{E2FCA084-F12A-47A5-BAD0-0648EB6F1485}.Debug|Any CPU.Build.0 = Debug|Any CPU
		{E2FCA084-F12A-47A5-BAD0-0648EB6F1485}.Release|Any CPU.ActiveCfg = Release|Any CPU
		{E2FCA084-F12A-47A5-BAD0-0648EB6F1485}.Release|Any CPU.Build.0 = Release|Any CPU
		{725AAE27-A697-4325-BA91-151BB7415F38}.Debug|Any CPU.ActiveCfg = Debug|Any CPU
		{725AAE27-A697-4325-BA91-151BB7415F38}.Debug|Any CPU.Build.0 = Debug|Any CPU
		{725AAE27-A697-4325-BA91-151BB7415F38}.Release|Any CPU.ActiveCfg = Release|Any CPU
		{725AAE27-A697-4325-BA91-151BB7415F38}.Release|Any CPU.Build.0 = Release|Any CPU
		{D72790FD-4166-49C9-853E-4A173F12D18D}.Debug|Any CPU.ActiveCfg = Debug|Any CPU
		{D72790FD-4166-49C9-853E-4A173F12D18D}.Debug|Any CPU.Build.0 = Debug|Any CPU
		{D72790FD-4166-49C9-853E-4A173F12D18D}.Release|Any CPU.ActiveCfg = Release|Any CPU
		{D72790FD-4166-49C9-853E-4A173F12D18D}.Release|Any CPU.Build.0 = Release|Any CPU
		{17649797-2313-4FC3-AC25-A41280ED9F88}.Debug|Any CPU.ActiveCfg = Debug|Any CPU
		{17649797-2313-4FC3-AC25-A41280ED9F88}.Debug|Any CPU.Build.0 = Debug|Any CPU
		{17649797-2313-4FC3-AC25-A41280ED9F88}.Release|Any CPU.ActiveCfg = Release|Any CPU
		{17649797-2313-4FC3-AC25-A41280ED9F88}.Release|Any CPU.Build.0 = Release|Any CPU
		{0B40795A-81F9-42CD-9482-2017DB2973EC}.Debug|Any CPU.ActiveCfg = Debug|Any CPU
		{0B40795A-81F9-42CD-9482-2017DB2973EC}.Debug|Any CPU.Build.0 = Debug|Any CPU
		{0B40795A-81F9-42CD-9482-2017DB2973EC}.Release|Any CPU.ActiveCfg = Release|Any CPU
		{0B40795A-81F9-42CD-9482-2017DB2973EC}.Release|Any CPU.Build.0 = Release|Any CPU
		{1CC10F55-516C-4CCF-8B7A-E809CDCE589C}.Debug|Any CPU.ActiveCfg = Debug|Any CPU
		{1CC10F55-516C-4CCF-8B7A-E809CDCE589C}.Debug|Any CPU.Build.0 = Debug|Any CPU
		{1CC10F55-516C-4CCF-8B7A-E809CDCE589C}.Release|Any CPU.ActiveCfg = Release|Any CPU
		{1CC10F55-516C-4CCF-8B7A-E809CDCE589C}.Release|Any CPU.Build.0 = Release|Any CPU
		{AF5B3606-14A7-4851-85E0-61EA1837D91B}.Debug|Any CPU.ActiveCfg = Debug|Any CPU
		{AF5B3606-14A7-4851-85E0-61EA1837D91B}.Debug|Any CPU.Build.0 = Debug|Any CPU
		{AF5B3606-14A7-4851-85E0-61EA1837D91B}.Release|Any CPU.ActiveCfg = Release|Any CPU
		{AF5B3606-14A7-4851-85E0-61EA1837D91B}.Release|Any CPU.Build.0 = Release|Any CPU
		{F633110A-E582-4207-8120-A32231E8BC2D}.Debug|Any CPU.ActiveCfg = Debug|Any CPU
		{F633110A-E582-4207-8120-A32231E8BC2D}.Debug|Any CPU.Build.0 = Debug|Any CPU
		{F633110A-E582-4207-8120-A32231E8BC2D}.Release|Any CPU.ActiveCfg = Release|Any CPU
		{F633110A-E582-4207-8120-A32231E8BC2D}.Release|Any CPU.Build.0 = Release|Any CPU
		{EDD1B19F-80D1-4AA4-8C43-FE78D60C28D8}.Debug|Any CPU.ActiveCfg = Debug|Any CPU
		{EDD1B19F-80D1-4AA4-8C43-FE78D60C28D8}.Debug|Any CPU.Build.0 = Debug|Any CPU
		{EDD1B19F-80D1-4AA4-8C43-FE78D60C28D8}.Release|Any CPU.ActiveCfg = Release|Any CPU
		{EDD1B19F-80D1-4AA4-8C43-FE78D60C28D8}.Release|Any CPU.Build.0 = Release|Any CPU
		{3D87E4CD-C010-47ED-98C8-C02CF6DB862F}.Debug|Any CPU.ActiveCfg = Debug|Any CPU
		{3D87E4CD-C010-47ED-98C8-C02CF6DB862F}.Debug|Any CPU.Build.0 = Debug|Any CPU
		{3D87E4CD-C010-47ED-98C8-C02CF6DB862F}.Release|Any CPU.ActiveCfg = Release|Any CPU
		{3D87E4CD-C010-47ED-98C8-C02CF6DB862F}.Release|Any CPU.Build.0 = Release|Any CPU
		{C4518213-F60D-4211-B7E6-2E8D611AAD60}.Debug|Any CPU.ActiveCfg = Debug|Any CPU
		{C4518213-F60D-4211-B7E6-2E8D611AAD60}.Debug|Any CPU.Build.0 = Debug|Any CPU
		{C4518213-F60D-4211-B7E6-2E8D611AAD60}.Release|Any CPU.ActiveCfg = Release|Any CPU
		{C4518213-F60D-4211-B7E6-2E8D611AAD60}.Release|Any CPU.Build.0 = Release|Any CPU
		{EDFFFE09-EFE2-4EC3-B732-70FD161A9943}.Debug|Any CPU.ActiveCfg = Debug|Any CPU
		{EDFFFE09-EFE2-4EC3-B732-70FD161A9943}.Debug|Any CPU.Build.0 = Debug|Any CPU
		{EDFFFE09-EFE2-4EC3-B732-70FD161A9943}.Release|Any CPU.ActiveCfg = Release|Any CPU
		{EDFFFE09-EFE2-4EC3-B732-70FD161A9943}.Release|Any CPU.Build.0 = Release|Any CPU
		{4196B767-F4A6-48DC-BA10-38BFC65AA63A}.Debug|Any CPU.ActiveCfg = Debug|Any CPU
		{4196B767-F4A6-48DC-BA10-38BFC65AA63A}.Debug|Any CPU.Build.0 = Debug|Any CPU
		{4196B767-F4A6-48DC-BA10-38BFC65AA63A}.Release|Any CPU.ActiveCfg = Release|Any CPU
		{4196B767-F4A6-48DC-BA10-38BFC65AA63A}.Release|Any CPU.Build.0 = Release|Any CPU
		{7DA4EACC-36E2-488E-9213-3492111D930A}.Debug|Any CPU.ActiveCfg = Debug|Any CPU
		{7DA4EACC-36E2-488E-9213-3492111D930A}.Debug|Any CPU.Build.0 = Debug|Any CPU
		{7DA4EACC-36E2-488E-9213-3492111D930A}.Release|Any CPU.ActiveCfg = Release|Any CPU
		{7DA4EACC-36E2-488E-9213-3492111D930A}.Release|Any CPU.Build.0 = Release|Any CPU
		{64D4BD98-95D4-44EA-9322-C96B6DBCF1AD}.Debug|Any CPU.ActiveCfg = Debug|Any CPU
		{64D4BD98-95D4-44EA-9322-C96B6DBCF1AD}.Debug|Any CPU.Build.0 = Debug|Any CPU
		{64D4BD98-95D4-44EA-9322-C96B6DBCF1AD}.Release|Any CPU.ActiveCfg = Release|Any CPU
		{64D4BD98-95D4-44EA-9322-C96B6DBCF1AD}.Release|Any CPU.Build.0 = Release|Any CPU
		{2129C732-FF8F-412A-A61F-8D9ABBCEBBBB}.Debug|Any CPU.ActiveCfg = Debug|Any CPU
		{2129C732-FF8F-412A-A61F-8D9ABBCEBBBB}.Debug|Any CPU.Build.0 = Debug|Any CPU
		{2129C732-FF8F-412A-A61F-8D9ABBCEBBBB}.Release|Any CPU.ActiveCfg = Release|Any CPU
		{2129C732-FF8F-412A-A61F-8D9ABBCEBBBB}.Release|Any CPU.Build.0 = Release|Any CPU
		{8C6A4974-D438-4747-89F6-1FD972A0A630}.Debug|Any CPU.ActiveCfg = Debug|Any CPU
		{8C6A4974-D438-4747-89F6-1FD972A0A630}.Debug|Any CPU.Build.0 = Debug|Any CPU
		{8C6A4974-D438-4747-89F6-1FD972A0A630}.Release|Any CPU.ActiveCfg = Release|Any CPU
		{8C6A4974-D438-4747-89F6-1FD972A0A630}.Release|Any CPU.Build.0 = Release|Any CPU
		{3265987C-4DBD-4960-B5CD-C65C24F54397}.Debug|Any CPU.ActiveCfg = Debug|Any CPU
		{3265987C-4DBD-4960-B5CD-C65C24F54397}.Debug|Any CPU.Build.0 = Debug|Any CPU
		{3265987C-4DBD-4960-B5CD-C65C24F54397}.Release|Any CPU.ActiveCfg = Release|Any CPU
		{3265987C-4DBD-4960-B5CD-C65C24F54397}.Release|Any CPU.Build.0 = Release|Any CPU
		{5B63DEBB-40DE-4F98-9A21-E5967E5277E4}.Debug|Any CPU.ActiveCfg = Debug|Any CPU
		{5B63DEBB-40DE-4F98-9A21-E5967E5277E4}.Debug|Any CPU.Build.0 = Debug|Any CPU
		{5B63DEBB-40DE-4F98-9A21-E5967E5277E4}.Release|Any CPU.ActiveCfg = Release|Any CPU
		{5B63DEBB-40DE-4F98-9A21-E5967E5277E4}.Release|Any CPU.Build.0 = Release|Any CPU
		{52930ABA-8A70-4C8B-AAAB-3D9CD4E16581}.Debug|Any CPU.ActiveCfg = Debug|Any CPU
		{52930ABA-8A70-4C8B-AAAB-3D9CD4E16581}.Debug|Any CPU.Build.0 = Debug|Any CPU
		{52930ABA-8A70-4C8B-AAAB-3D9CD4E16581}.Release|Any CPU.ActiveCfg = Release|Any CPU
		{52930ABA-8A70-4C8B-AAAB-3D9CD4E16581}.Release|Any CPU.Build.0 = Release|Any CPU
		{F27CF755-DE6B-4DBD-9A14-4F626363FDA5}.Debug|Any CPU.ActiveCfg = Debug|Any CPU
		{F27CF755-DE6B-4DBD-9A14-4F626363FDA5}.Debug|Any CPU.Build.0 = Debug|Any CPU
		{F27CF755-DE6B-4DBD-9A14-4F626363FDA5}.Release|Any CPU.ActiveCfg = Release|Any CPU
		{F27CF755-DE6B-4DBD-9A14-4F626363FDA5}.Release|Any CPU.Build.0 = Release|Any CPU
		{D3E7E974-22DD-4D68-A8C0-645B62C82E2B}.Debug|Any CPU.ActiveCfg = Debug|Any CPU
		{D3E7E974-22DD-4D68-A8C0-645B62C82E2B}.Debug|Any CPU.Build.0 = Debug|Any CPU
		{D3E7E974-22DD-4D68-A8C0-645B62C82E2B}.Release|Any CPU.ActiveCfg = Release|Any CPU
		{D3E7E974-22DD-4D68-A8C0-645B62C82E2B}.Release|Any CPU.Build.0 = Release|Any CPU
		{D5AC5DA7-C2A9-443A-A1F0-97B0DFE4E274}.Debug|Any CPU.ActiveCfg = Debug|Any CPU
		{D5AC5DA7-C2A9-443A-A1F0-97B0DFE4E274}.Debug|Any CPU.Build.0 = Debug|Any CPU
		{D5AC5DA7-C2A9-443A-A1F0-97B0DFE4E274}.Release|Any CPU.ActiveCfg = Release|Any CPU
		{D5AC5DA7-C2A9-443A-A1F0-97B0DFE4E274}.Release|Any CPU.Build.0 = Release|Any CPU
		{BD46C5E5-9FB1-406C-AB4C-F49F9BC0096B}.Debug|Any CPU.ActiveCfg = Debug|Any CPU
		{BD46C5E5-9FB1-406C-AB4C-F49F9BC0096B}.Debug|Any CPU.Build.0 = Debug|Any CPU
		{BD46C5E5-9FB1-406C-AB4C-F49F9BC0096B}.Release|Any CPU.ActiveCfg = Release|Any CPU
		{BD46C5E5-9FB1-406C-AB4C-F49F9BC0096B}.Release|Any CPU.Build.0 = Release|Any CPU
	EndGlobalSection
	GlobalSection(SolutionProperties) = preSolution
		HideSolutionNode = FALSE
	EndGlobalSection
	GlobalSection(ExtensibilityGlobals) = postSolution
		SolutionGuid = {A623ACE7-51BE-4F59-BA37-DADF8681D8FB}
	EndGlobalSection
EndGlobal
